
Microsoft Visual Studio Solution File, Format Version 12.00
# Visual Studio Version 17
VisualStudioVersion = 17.5.002.0
MinimumVisualStudioVersion = 10.0.40219.1
Project("{9A19103F-16F7-4668-BE54-9A1E7A4F7556}") = "Web_ThoiTrang", "Web_ThoiTrang.csproj", "{194D74ED-E6C7-477A-AD0C-D69DE2A2A664}"
EndProject
Global
	GlobalSection(SolutionConfigurationPlatforms) = preSolution
		Debug|Any CPU = Debug|Any CPU
		Release|Any CPU = Release|Any CPU
	EndGlobalSection
	GlobalSection(ProjectConfigurationPlatforms) = postSolution
		{194D74ED-E6C7-477A-AD0C-D69DE2A2A664}.Debug|Any CPU.ActiveCfg = Debug|Any CPU
		{194D74ED-E6C7-477A-AD0C-D69DE2A2A664}.Debug|Any CPU.Build.0 = Debug|Any CPU
		{194D74ED-E6C7-477A-AD0C-D69DE2A2A664}.Release|Any CPU.ActiveCfg = Release|Any CPU
		{194D74ED-E6C7-477A-AD0C-D69DE2A2A664}.Release|Any CPU.Build.0 = Release|Any CPU
	EndGlobalSection
	GlobalSection(SolutionProperties) = preSolution
		HideSolutionNode = FALSE
	EndGlobalSection
	GlobalSection(ExtensibilityGlobals) = postSolution
		SolutionGuid = {DE4A72E9-01C3-4D62-AF6C-EF827C78B042}
	EndGlobalSection
EndGlobal
