
Microsoft Visual Studio Solution File, Format Version 12.00
# Visual Studio Version 17
VisualStudioVersion = 17.5.002.0
MinimumVisualStudioVersion = 10.0.40219.1
Project("{9A19103F-16F7-4668-BE54-9A1E7A4F7556}") = "Web_ThoiTrang", "Web_ThoiTrang.csproj", "{A90E259E-7D0B-42EF-BD50-3F19DC4EF76F}"
EndProject
Global
	GlobalSection(SolutionConfigurationPlatforms) = preSolution
		Debug|Any CPU = Debug|Any CPU
		Release|Any CPU = Release|Any CPU
	EndGlobalSection
	GlobalSection(ProjectConfigurationPlatforms) = postSolution
		{A90E259E-7D0B-42EF-BD50-3F19DC4EF76F}.Debug|Any CPU.ActiveCfg = Debug|Any CPU
		{A90E259E-7D0B-42EF-BD50-3F19DC4EF76F}.Debug|Any CPU.Build.0 = Debug|Any CPU
		{A90E259E-7D0B-42EF-BD50-3F19DC4EF76F}.Release|Any CPU.ActiveCfg = Release|Any CPU
		{A90E259E-7D0B-42EF-BD50-3F19DC4EF76F}.Release|Any CPU.Build.0 = Release|Any CPU
	EndGlobalSection
	GlobalSection(SolutionProperties) = preSolution
		HideSolutionNode = FALSE
	EndGlobalSection
	GlobalSection(ExtensibilityGlobals) = postSolution
		SolutionGuid = {DE4A72E9-01C3-4D62-AF6C-EF827C78B042}
	EndGlobalSection
EndGlobal
